lockfileVersion: '9.0'

settings:
  autoInstallPeers: true
  excludeLinksFromLockfile: false

importers:

  .:
    devDependencies:
      typescript:
        specifier: ^5.8.0
        version: 5.9.3

  packages/monkey-do:
    dependencies:
      '@monkeybot/monkey-say':
        specifier: workspace:*
        version: link:../monkey-say
      '@monkeybot/monkey-see':
        specifier: workspace:*
        version: link:../monkey-see

  packages/monkey-say: {}

  packages/monkey-see: {}

packages:

  typescript@5.9.3:
    resolution: {integrity: sha512-jl1vZzPDinLr9eUt3J/t7V6FgNEw9QjvBPdysz9KfQDD41fQrC2Y4vKQdiaUpFT4bXlb1RHhLpp8wtm6M5TgSw==}
    engines: {node: '>=14.17'}
    hasBin: true

snapshots:

  typescript@5.9.3: {}
